// !$*UTF8*$!
{
	archiveVersion = 1;
	classes = {
	};
	objectVersion = 50;
	objects = {

/* Begin PBXBuildFile section */
		92B6EF51216F46F5005F7BDC /* EmojiDetailTableViewController.swift in Sources */ = {isa = PBXBuildFile; fileRef = 92B6EF50216F46F5005F7BDC /* EmojiDetailTableViewController.swift */; };
		92CA70FF216E173100DE98E6 /* AppDelegate.swift in Sources */ = {isa = PBXBuildFile; fileRef = 92CA70FE216E173100DE98E6 /* AppDelegate.swift */; };
		92CA7104216E173100DE98E6 /* Main.storyboard in Resources */ = {isa = PBXBuildFile; fileRef = 92CA7102216E173100DE98E6 /* Main.storyboard */; };
		92CA7106216E173300DE98E6 /* Assets.xcassets in Resources */ = {isa = PBXBuildFile; fileRef = 92CA7105216E173300DE98E6 /* Assets.xcassets */; };
		92CA7109216E173300DE98E6 /* LaunchScreen.storyboard in Resources */ = {isa = PBXBuildFile; fileRef = 92CA7107216E173300DE98E6 /* LaunchScreen.storyboard */; };
		92CA7112216E17D000DE98E6 /* Emoji.swift in Sources */ = {isa = PBXBuildFile; fileRef = 92CA7111216E17D000DE98E6 /* Emoji.swift */; };
		92CA7115216E1A4500DE98E6 /* EmojiTableViewController.swift in Sources */ = {isa = PBXBuildFile; fileRef = 92CA7114216E1A4500DE98E6 /* EmojiTableViewController.swift */; };
		92CA7118216E6FA400DE98E6 /* EmojiTableViewCell.swift in Sources */ = {isa = PBXBuildFile; fileRef = 92CA7117216E6FA400DE98E6 /* EmojiTableViewCell.swift */; };
/* End PBXBuildFile section */

/* Begin PBXFileReference section */
		92B6EF50216F46F5005F7BDC /* EmojiDetailTableViewController.swift */ = {isa = PBXFileReference; lastKnownFileType = sourcecode.swift; path = EmojiDetailTableViewController.swift; sourceTree = "<group>"; };
		92CA70FB216E173100DE98E6 /* EmodjiDictionary.app */ = {isa = PBXFileReference; explicitFileType = wrapper.application; includeInIndex = 0; path = EmodjiDictionary.app; sourceTree = BUILT_PRODUCTS_DIR; };
		92CA70FE216E173100DE98E6 /* AppDelegate.swift */ = {isa = PBXFileReference; lastKnownFileType = sourcecode.swift; path = AppDelegate.swift; sourceTree = "<group>"; };
		92CA7103216E173100DE98E6 /* Base */ = {isa = PBXFileReference; lastKnownFileType = file.storyboard; name = Base; path = Base.lproj/Main.storyboard; sourceTree = "<group>"; };
		92CA7105216E173300DE98E6 /* Assets.xcassets */ = {isa = PBXFileReference; lastKnownFileType = folder.assetcatalog; path = Assets.xcassets; sourceTree = "<group>"; };
		92CA7108216E173300DE98E6 /* Base */ = {isa = PBXFileReference; lastKnownFileType = file.storyboard; name = Base; path = Base.lproj/LaunchScreen.storyboard; sourceTree = "<group>"; };
		92CA710A216E173300DE98E6 /* Info.plist */ = {isa = PBXFileReference; lastKnownFileType = text.plist.xml; path = Info.plist; sourceTree = "<group>"; };
		92CA7111216E17D000DE98E6 /* Emoji.swift */ = {isa = PBXFileReference; lastKnownFileType = sourcecode.swift; path = Emoji.swift; sourceTree = "<group>"; };
		92CA7114216E1A4500DE98E6 /* EmojiTableViewController.swift */ = {isa = PBXFileReference; lastKnownFileType = sourcecode.swift; path = EmojiTableViewController.swift; sourceTree = "<group>"; };
		92CA7117216E6FA400DE98E6 /* EmojiTableViewCell.swift */ = {isa = PBXFileReference; lastKnownFileType = sourcecode.swift; path = EmojiTableViewCell.swift; sourceTree = "<group>"; };
/* End PBXFileReference section */

/* Begin PBXFrameworksBuildPhase section */
		92CA70F8216E173100DE98E6 /* Frameworks */ = {
			isa = PBXFrameworksBuildPhase;
			buildActionMask = 2147483647;
			files = (
			);
			runOnlyForDeploymentPostprocessing = 0;
		};
/* End PBXFrameworksBuildPhase section */

/* Begin PBXGroup section */
		92CA70F2216E173100DE98E6 = {
			isa = PBXGroup;
			children = (
				92CA70FD216E173100DE98E6 /* EmodjiDictionary */,
				92CA70FC216E173100DE98E6 /* Products */,
			);
			sourceTree = "<group>";
		};
		92CA70FC216E173100DE98E6 /* Products */ = {
			isa = PBXGroup;
			children = (
				92CA70FB216E173100DE98E6 /* EmodjiDictionary.app */,
			);
			name = Products;
			sourceTree = "<group>";
		};
		92CA70FD216E173100DE98E6 /* EmodjiDictionary */ = {
			isa = PBXGroup;
			children = (
				92CA70FE216E173100DE98E6 /* AppDelegate.swift */,
				92CA7102216E173100DE98E6 /* Main.storyboard */,
				92CA7110216E178000DE98E6 /* Model */,
				92CA7116216E6F8600DE98E6 /* Views */,
				92CA7113216E189C00DE98E6 /* Controllers */,
				92CA7105216E173300DE98E6 /* Assets.xcassets */,
				92CA7107216E173300DE98E6 /* LaunchScreen.storyboard */,
				92CA710A216E173300DE98E6 /* Info.plist */,
			);
			path = EmodjiDictionary;
			sourceTree = "<group>";
		};
		92CA7110216E178000DE98E6 /* Model */ = {
			isa = PBXGroup;
			children = (
				92CA7111216E17D000DE98E6 /* Emoji.swift */,
			);
			path = Model;
			sourceTree = "<group>";
		};
		92CA7113216E189C00DE98E6 /* Controllers */ = {
			isa = PBXGroup;
			children = (
				92CA7114216E1A4500DE98E6 /* EmojiTableViewController.swift */,
				92B6EF50216F46F5005F7BDC /* EmojiDetailTableViewController.swift */,
			);
			path = Controllers;
			sourceTree = "<group>";
		};
		92CA7116216E6F8600DE98E6 /* Views */ = {
			isa = PBXGroup;
			children = (
				92CA7117216E6FA400DE98E6 /* EmojiTableViewCell.swift */,
			);
			path = Views;
			sourceTree = "<group>";
		};
/* End PBXGroup section */

/* Begin PBXNativeTarget section */
		92CA70FA216E173100DE98E6 /* EmodjiDictionary */ = {
			isa = PBXNativeTarget;
			buildConfigurationList = 92CA710D216E173300DE98E6 /* Build configuration list for PBXNativeTarget "EmodjiDictionary" */;
			buildPhases = (
				92CA70F7216E173100DE98E6 /* Sources */,
				92CA70F8216E173100DE98E6 /* Frameworks */,
				92CA70F9216E173100DE98E6 /* Resources */,
			);
			buildRules = (
			);
			dependencies = (
			);
			name = EmodjiDictionary;
			productName = EmodjiDictionary;
			productReference = 92CA70FB216E173100DE98E6 /* EmodjiDictionary.app */;
			productType = "com.apple.product-type.application";
		};
/* End PBXNativeTarget section */

/* Begin PBXProject section */
		92CA70F3216E173100DE98E6 /* Project object */ = {
			isa = PBXProject;
			attributes = {
				LastSwiftUpdateCheck = 1010;
				LastUpgradeCheck = 1010;
				ORGANIZATIONNAME = "Александр Макаров";
				TargetAttributes = {
					92CA70FA216E173100DE98E6 = {
						CreatedOnToolsVersion = 10.1;
					};
				};
			};
			buildConfigurationList = 92CA70F6216E173100DE98E6 /* Build configuration list for PBXProject "EmodjiDictionary" */;
			compatibilityVersion = "Xcode 9.3";
			developmentRegion = en;
			hasScannedForEncodings = 0;
			knownRegions = (
				en,
				Base,
			);
			mainGroup = 92CA70F2216E173100DE98E6;
			productRefGroup = 92CA70FC216E173100DE98E6 /* Products */;
			projectDirPath = "";
			projectRoot = "";
			targets = (
				92CA70FA216E173100DE98E6 /* EmodjiDictionary */,
			);
		};
/* End PBXProject section */

/* Begin PBXResourcesBuildPhase section */
		92CA70F9216E173100DE98E6 /* Resources */ = {
			isa = PBXResourcesBuildPhase;
			buildActionMask = 2147483647;
			files = (
				92CA7109216E173300DE98E6 /* LaunchScreen.storyboard in Resources */,
				92CA7106216E173300DE98E6 /* Assets.xcassets in Resources */,
				92CA7104216E173100DE98E6 /* Main.storyboard in Resources */,
			);
			runOnlyForDeploymentPostprocessing = 0;
		};
/* End PBXResourcesBuildPhase section */

/* Begin PBXSourcesBuildPhase section */
		92CA70F7216E173100DE98E6 /* Sources */ = {
			isa = PBXSourcesBuildPhase;
			buildActionMask = 2147483647;
			files = (
				92CA7112216E17D000DE98E6 /* Emoji.swift in Sources */,
				92CA7115216E1A4500DE98E6 /* EmojiTableViewController.swift in Sources */,
				92CA7118216E6FA400DE98E6 /* EmojiTableViewCell.swift in Sources */,
				92CA70FF216E173100DE98E6 /* AppDelegate.swift in Sources */,
				92B6EF51216F46F5005F7BDC /* EmojiDetailTableViewController.swift in Sources */,
			);
			runOnlyForDeploymentPostprocessing = 0;
		};
/* End PBXSourcesBuildPhase section */

/* Begin PBXVariantGroup section */
		92CA7102216E173100DE98E6 /* Main.storyboard */ = {
			isa = PBXVariantGroup;
			children = (
				92CA7103216E173100DE98E6 /* Base */,
			);
			name = Main.storyboard;
			sourceTree = "<group>";
		};
		92CA7107216E173300DE98E6 /* LaunchScreen.storyboard */ = {
			isa = PBXVariantGroup;
			children = (
				92CA7108216E173300DE98E6 /* Base */,
			);
			name = LaunchScreen.storyboard;
			sourceTree = "<group>";
		};
/* End PBXVariantGroup section */

/* Begin XCBuildConfiguration section */
		92CA710B216E173300DE98E6 /* Debug */ = {
			isa = XCBuildConfiguration;
			buildSettings = {
				ALWAYS_SEARCH_USER_PATHS = NO;
				CLANG_ANALYZER_NONNULL = YES;
				CLANG_ANALYZER_NUMBER_OBJECT_CONVERSION = YES_AGGRESSIVE;
				CLANG_CXX_LANGUAGE_STANDARD = "gnu++14";
				CLANG_CXX_LIBRARY = "libc++";
				CLANG_ENABLE_MODULES = YES;
				CLANG_ENABLE_OBJC_ARC = YES;
				CLANG_ENABLE_OBJC_WEAK = YES;
				CLANG_WARN_BLOCK_CAPTURE_AUTORELEASING = YES;
				CLANG_WARN_BOOL_CONVERSION = YES;
				CLANG_WARN_COMMA = YES;
				CLANG_WARN_CONSTANT_CONVERSION = YES;
				CLANG_WARN_DEPRECATED_OBJC_IMPLEMENTATIONS = YES;
				CLANG_WARN_DIRECT_OBJC_ISA_USAGE = YES_ERROR;
				CLANG_WARN_DOCUMENTATION_COMMENTS = YES;
				CLANG_WARN_EMPTY_BODY = YES;
				CLANG_WARN_ENUM_CONVERSION = YES;
				CLANG_WARN_INFINITE_RECURSION = YES;
				CLANG_WARN_INT_CONVERSION = YES;
				CLANG_WARN_NON_LITERAL_NULL_CONVERSION = YES;
				CLANG_WARN_OBJC_IMPLICIT_RETAIN_SELF = YES;
				CLANG_WARN_OBJC_LITERAL_CONVERSION = YES;
				CLANG_WARN_OBJC_ROOT_CLASS = YES_ERROR;
				CLANG_WARN_RANGE_LOOP_ANALYSIS = YES;
				CLANG_WARN_STRICT_PROTOTYPES = YES;
				CLANG_WARN_SUSPICIOUS_MOVE = YES;
				CLANG_WARN_UNGUARDED_AVAILABILITY = YES_AGGRESSIVE;
				CLANG_WARN_UNREACHABLE_CODE = YES;
				CLANG_WARN__DUPLICATE_METHOD_MATCH = YES;
				CODE_SIGN_IDENTITY = "iPhone Developer";
				COPY_PHASE_STRIP = NO;
				DEBUG_INFORMATION_FORMAT = dwarf;
				ENABLE_STRICT_OBJC_MSGSEND = YES;
				ENABLE_TESTABILITY = YES;
				GCC_C_LANGUAGE_STANDARD = gnu11;
				GCC_DYNAMIC_NO_PIC = NO;
				GCC_NO_COMMON_BLOCKS = YES;
				GCC_OPTIMIZATION_LEVEL = 0;
				GCC_PREPROCESSOR_DEFINITIONS = (
					"DEBUG=1",
					"$(inherited)",
				);
				GCC_WARN_64_TO_32_BIT_CONVERSION = YES;
				GCC_WARN_ABOUT_RETURN_TYPE = YES_ERROR;
				GCC_WARN_UNDECLARED_SELECTOR = YES;
				GCC_WARN_UNINITIALIZED_AUTOS = YES_AGGRESSIVE;
				GCC_WARN_UNUSED_FUNCTION = YES;
				GCC_WARN_UNUSED_VARIABLE = YES;
				IPHONEOS_DEPLOYMENT_TARGET = 12.1;
				MTL_ENABLE_DEBUG_INFO = INCLUDE_SOURCE;
				MTL_FAST_MATH = YES;
				ONLY_ACTIVE_ARCH = YES;
				SDKROOT = iphoneos;
				SWIFT_ACTIVE_COMPILATION_CONDITIONS = DEBUG;
				SWIFT_OPTIMIZATION_LEVEL = "-Onone";
			};
			name = Debug;
		};
		92CA710C216E173300DE98E6 /* Release */ = {
			isa = XCBuildConfiguration;
			buildSettings = {
				ALWAYS_SEARCH_USER_PATHS = NO;
				CLANG_ANALYZER_NONNULL = YES;
				CLANG_ANALYZER_NUMBER_OBJECT_CONVERSION = YES_AGGRESSIVE;
				CLANG_CXX_LANGUAGE_STANDARD = "gnu++14";
				CLANG_CXX_LIBRARY = "libc++";
				CLANG_ENABLE_MODULES = YES;
				CLANG_ENABLE_OBJC_ARC = YES;
				CLANG_ENABLE_OBJC_WEAK = YES;
				CLANG_WARN_BLOCK_CAPTURE_AUTORELEASING = YES;
				CLANG_WARN_BOOL_CONVERSION = YES;
				CLANG_WARN_COMMA = YES;
				CLANG_WARN_CONSTANT_CONVERSION = YES;
				CLANG_WARN_DEPRECATED_OBJC_IMPLEMENTATIONS = YES;
				CLANG_WARN_DIRECT_OBJC_ISA_USAGE = YES_ERROR;
				CLANG_WARN_DOCUMENTATION_COMMENTS = YES;
				CLANG_WARN_EMPTY_BODY = YES;
				CLANG_WARN_ENUM_CONVERSION = YES;
				CLANG_WARN_INFINITE_RECURSION = YES;
				CLANG_WARN_INT_CONVERSION = YES;
				CLANG_WARN_NON_LITERAL_NULL_CONVERSION = YES;
				CLANG_WARN_OBJC_IMPLICIT_RETAIN_SELF = YES;
				CLANG_WARN_OBJC_LITERAL_CONVERSION = YES;
				CLANG_WARN_OBJC_ROOT_CLASS = YES_ERROR;
				CLANG_WARN_RANGE_LOOP_ANALYSIS = YES;
				CLANG_WARN_STRICT_PROTOTYPES = YES;
				CLANG_WARN_SUSPICIOUS_MOVE = YES;
				CLANG_WARN_UNGUARDED_AVAILABILITY = YES_AGGRESSIVE;
				CLANG_WARN_UNREACHABLE_CODE = YES;
				CLANG_WARN__DUPLICATE_METHOD_MATCH = YES;
				CODE_SIGN_IDENTITY = "iPhone Developer";
				COPY_PHASE_STRIP = NO;
				DEBUG_INFORMATION_FORMAT = "dwarf-with-dsym";
				ENABLE_NS_ASSERTIONS = NO;
				ENABLE_STRICT_OBJC_MSGSEND = YES;
				GCC_C_LANGUAGE_STANDARD = gnu11;
				GCC_NO_COMMON_BLOCKS = YES;
				GCC_WARN_64_TO_32_BIT_CONVERSION = YES;
				GCC_WARN_ABOUT_RETURN_TYPE = YES_ERROR;
				GCC_WARN_UNDECLARED_SELECTOR = YES;
				GCC_WARN_UNINITIALIZED_AUTOS = YES_AGGRESSIVE;
				GCC_WARN_UNUSED_FUNCTION = YES;
				GCC_WARN_UNUSED_VARIABLE = YES;
				IPHONEOS_DEPLOYMENT_TARGET = 12.1;
				MTL_ENABLE_DEBUG_INFO = NO;
				MTL_FAST_MATH = YES;
				SDKROOT = iphoneos;
				SWIFT_COMPILATION_MODE = wholemodule;
				SWIFT_OPTIMIZATION_LEVEL = "-O";
				VALIDATE_PRODUCT = YES;
			};
			name = Release;
		};
		92CA710E216E173300DE98E6 /* Debug */ = {
			isa = XCBuildConfiguration;
			buildSettings = {
				ASSETCATALOG_COMPILER_APPICON_NAME = AppIcon;
				CODE_SIGN_STYLE = Automatic;
				DEVELOPMENT_TEAM = FR69MTKZ3R;
				INFOPLIST_FILE = EmodjiDictionary/Info.plist;
				LD_RUNPATH_SEARCH_PATHS = (
					"$(inherited)",
					"@executable_path/Frameworks",
				);
				PRODUCT_BUNDLE_IDENTIFIER = "ru.media-keys.EmodjiDictionary";
				PRODUCT_NAME = "$(TARGET_NAME)";
				SWIFT_VERSION = 4.2;
				TARGETED_DEVICE_FAMILY = "1,2";
			};
			name = Debug;
		};
		92CA710F216E173300DE98E6 /* Release */ = {
			isa = XCBuildConfiguration;
			buildSettings = {
				ASSETCATALOG_COMPILER_APPICON_NAME = AppIcon;
				CODE_SIGN_STYLE = Automatic;
				DEVELOPMENT_TEAM = FR69MTKZ3R;
				INFOPLIST_FILE = EmodjiDictionary/Info.plist;
				LD_RUNPATH_SEARCH_PATHS = (
					"$(inherited)",
					"@executable_path/Frameworks",
				);
				PRODUCT_BUNDLE_IDENTIFIER = "ru.media-keys.EmodjiDictionary";
				PRODUCT_NAME = "$(TARGET_NAME)";
				SWIFT_VERSION = 4.2;
				TARGETED_DEVICE_FAMILY = "1,2";
			};
			name = Release;
		};
/* End XCBuildConfiguration section */

/* Begin XCConfigurationList section */
		92CA70F6216E173100DE98E6 /* Build configuration list for PBXProject "EmodjiDictionary" */ = {
			isa = XCConfigurationList;
			buildConfigurations = (
				92CA710B216E173300DE98E6 /* Debug */,
				92CA710C216E173300DE98E6 /* Release */,
			);
			defaultConfigurationIsVisible = 0;
			defaultConfigurationName = Release;
		};
		92CA710D216E173300DE98E6 /* Build configuration list for PBXNativeTarget "EmodjiDictionary" */ = {
			isa = XCConfigurationList;
			buildConfigurations = (
				92CA710E216E173300DE98E6 /* Debug */,
				92CA710F216E173300DE98E6 /* Release */,
			);
			defaultConfigurationIsVisible = 0;
			defaultConfigurationName = Release;
		};
/* End XCConfigurationList section */
	};
	rootObject = 92CA70F3216E173100DE98E6 /* Project object */;
}
